# This file is autogenerated, do not edit; changes may be undone by the next 'dep ensure'.


[[projects]]
  branch = "master"
  name = "github.com/apex/go-apex"
  packages = ["."]
  revision = "6e19883b04761c5930e32bf2f80e02ad0e3a1d4e"

[[projects]]
  name = "github.com/aws/aws-sdk-go"
  packages = ["aws","aws/awserr","aws/awsutil","aws/client","aws/client/metadata","aws/corehandlers","aws/credentials","aws/credentials/ec2rolecreds","aws/credentials/endpointcreds","aws/credentials/stscreds","aws/defaults","aws/ec2metadata","aws/endpoints","aws/request","aws/session","aws/signer/v4","internal/shareddefaults","private/protocol","private/protocol/json/jsonutil","private/protocol/jsonrpc","private/protocol/query","private/protocol/query/queryutil","private/protocol/rest","private/protocol/xml/xmlutil","service/kms","service/sts"]
  revision = "c652f9369083515c3ddf1fbaf6df68da2c101545"
  version = "v1.12.1"

[[projects]]
  branch = "master"
  name = "github.com/epy0n0ff/go-plivo"
  packages = ["."]
  revision = "1866a918521d021b6acccb35c53a5e9466577797"

[[projects]]
  name = "github.com/go-ini/ini"
  packages = ["."]
  revision = "20b96f641a5ea98f2f8619ff4f3e061cff4833bd"
  version = "v1.28.2"

[[projects]]
  branch = "master"
  name = "github.com/incident-app-team-a/go-incident"
  packages = ["apigateway","cloudfront","plivo"]
  revision = "77981890fd3f93dd77e5a50464a43501157839f4"

[[projects]]
  name = "github.com/jmespath/go-jmespath"
  packages = ["."]
  revision = "0b12d6b5"

[solve-meta]
  analyzer-name = "dep"
  analyzer-version = 1
  inputs-digest = "c8c7691905f29d9c94181e1a5996a5f24982b16ec253a5e4946ebbda9b81c467"
  solver-name = "gps-cdcl"
  solver-version = 1
